// !$*UTF8*$!
{
	archiveVersion = 1;
	classes = {
	};
	objectVersion = 46;
	objects = {

/* Begin PBXBuildFile section */
		BB56D3F91B4F82B600698083 /* main.m in Sources */ = {isa = PBXBuildFile; fileRef = BB56D3F81B4F82B600698083 /* main.m */; };
		BB56D3FC1B4F82B600698083 /* AppDelegate.m in Sources */ = {isa = PBXBuildFile; fileRef = BB56D3FB1B4F82B600698083 /* AppDelegate.m */; };
		BB56D3FF1B4F82B600698083 /* ViewController.m in Sources */ = {isa = PBXBuildFile; fileRef = BB56D3FE1B4F82B600698083 /* ViewController.m */; };
		BB56D4021B4F82B600698083 /* Main.storyboard in Resources */ = {isa = PBXBuildFile; fileRef = BB56D4001B4F82B600698083 /* Main.storyboard */; };
		BB56D4041B4F82B600698083 /* Assets.xcassets in Resources */ = {isa = PBXBuildFile; fileRef = BB56D4031B4F82B600698083 /* Assets.xcassets */; };
		BB56D4071B4F82B600698083 /* LaunchScreen.storyboard in Resources */ = {isa = PBXBuildFile; fileRef = BB56D4051B4F82B600698083 /* LaunchScreen.storyboard */; };
		BB56D4121B4F82B600698083 /* ChatClientTests.m in Sources */ = {isa = PBXBuildFile; fileRef = BB56D4111B4F82B600698083 /* ChatClientTests.m */; };
		BB56D41D1B4F82B600698083 /* ChatClientUITests.m in Sources */ = {isa = PBXBuildFile; fileRef = BB56D41C1B4F82B600698083 /* ChatClientUITests.m */; };
		BB56D42A1B4FB7C300698083 /* ViewController.m in Sources */ = {isa = PBXBuildFile; fileRef = BB56D3FE1B4F82B600698083 /* ViewController.m */; };
		BB56D42D1B4FBFE500698083 /* server.py in Resources */ = {isa = PBXBuildFile; fileRef = BB56D42C1B4FBFE500698083 /* server.py */; };
/* End PBXBuildFile section */

/* Begin PBXContainerItemProxy section */
		BB56D40E1B4F82B600698083 /* PBXContainerItemProxy */ = {
			isa = PBXContainerItemProxy;
			containerPortal = BB56D3EC1B4F82B600698083 /* Project object */;
			proxyType = 1;
			remoteGlobalIDString = BB56D3F31B4F82B600698083;
			remoteInfo = ChatClient;
		};
		BB56D4191B4F82B600698083 /* PBXContainerItemProxy */ = {
			isa = PBXContainerItemProxy;
			containerPortal = BB56D3EC1B4F82B600698083 /* Project object */;
			proxyType = 1;
			remoteGlobalIDString = BB56D3F31B4F82B600698083;
			remoteInfo = ChatClient;
		};
/* End PBXContainerItemProxy section */

/* Begin PBXFileReference section */
		BB56D3F41B4F82B600698083 /* ChatClient.app */ = {isa = PBXFileReference; explicitFileType = wrapper.application; includeInIndex = 0; path = ChatClient.app; sourceTree = BUILT_PRODUCTS_DIR; };
		BB56D3F81B4F82B600698083 /* main.m */ = {isa = PBXFileReference; lastKnownFileType = sourcecode.c.objc; path = main.m; sourceTree = "<group>"; };
		BB56D3FA1B4F82B600698083 /* AppDelegate.h */ = {isa = PBXFileReference; lastKnownFileType = sourcecode.c.h; path = AppDelegate.h; sourceTree = "<group>"; };
		BB56D3FB1B4F82B600698083 /* AppDelegate.m */ = {isa = PBXFileReference; lastKnownFileType = sourcecode.c.objc; path = AppDelegate.m; sourceTree = "<group>"; };
		BB56D3FD1B4F82B600698083 /* ViewController.h */ = {isa = PBXFileReference; lastKnownFileType = sourcecode.c.h; path = ViewController.h; sourceTree = "<group>"; };
		BB56D3FE1B4F82B600698083 /* ViewController.m */ = {isa = PBXFileReference; lastKnownFileType = sourcecode.c.objc; path = ViewController.m; sourceTree = "<group>"; };
		BB56D4011B4F82B600698083 /* Base */ = {isa = PBXFileReference; lastKnownFileType = file.storyboard; name = Base; path = Base.lproj/Main.storyboard; sourceTree = "<group>"; };
		BB56D4031B4F82B600698083 /* Assets.xcassets */ = {isa = PBXFileReference; lastKnownFileType = folder.assetcatalog; path = Assets.xcassets; sourceTree = "<group>"; };
		BB56D4061B4F82B600698083 /* Base */ = {isa = PBXFileReference; lastKnownFileType = file.storyboard; name = Base; path = Base.lproj/LaunchScreen.storyboard; sourceTree = "<group>"; };
		BB56D4081B4F82B600698083 /* Info.plist */ = {isa = PBXFileReference; lastKnownFileType = text.plist.xml; path = Info.plist; sourceTree = "<group>"; };
		BB56D40D1B4F82B600698083 /* ChatClientTests.xctest */ = {isa = PBXFileReference; explicitFileType = wrapper.cfbundle; includeInIndex = 0; path = ChatClientTests.xctest; sourceTree = BUILT_PRODUCTS_DIR; };
		BB56D4111B4F82B600698083 /* ChatClientTests.m */ = {isa = PBXFileReference; lastKnownFileType = sourcecode.c.objc; path = ChatClientTests.m; sourceTree = "<group>"; };
		BB56D4131B4F82B600698083 /* Info.plist */ = {isa = PBXFileReference; lastKnownFileType = text.plist.xml; path = Info.plist; sourceTree = "<group>"; };
		BB56D4181B4F82B600698083 /* ChatClientUITests.xctest */ = {isa = PBXFileReference; explicitFileType = wrapper.cfbundle; includeInIndex = 0; path = ChatClientUITests.xctest; sourceTree = BUILT_PRODUCTS_DIR; };
		BB56D41C1B4F82B600698083 /* ChatClientUITests.m */ = {isa = PBXFileReference; lastKnownFileType = sourcecode.c.objc; path = ChatClientUITests.m; sourceTree = "<group>"; };
		BB56D41E1B4F82B600698083 /* Info.plist */ = {isa = PBXFileReference; lastKnownFileType = text.plist.xml; path = Info.plist; sourceTree = "<group>"; };
		BB56D42C1B4FBFE500698083 /* server.py */ = {isa = PBXFileReference; fileEncoding = 4; lastKnownFileType = text.script.python; path = server.py; sourceTree = "<group>"; };
/* End PBXFileReference section */

/* Begin PBXFrameworksBuildPhase section */
		BB56D3F11B4F82B600698083 /* Frameworks */ = {
			isa = PBXFrameworksBuildPhase;
			buildActionMask = 2147483647;
			files = (
			);
			runOnlyForDeploymentPostprocessing = 0;
		};
		BB56D40A1B4F82B600698083 /* Frameworks */ = {
			isa = PBXFrameworksBuildPhase;
			buildActionMask = 2147483647;
			files = (
			);
			runOnlyForDeploymentPostprocessing = 0;
		};
		BB56D4151B4F82B600698083 /* Frameworks */ = {
			isa = PBXFrameworksBuildPhase;
			buildActionMask = 2147483647;
			files = (
			);
			runOnlyForDeploymentPostprocessing = 0;
		};
/* End PBXFrameworksBuildPhase section */

/* Begin PBXGroup section */
		BB56D3EB1B4F82B600698083 = {
			isa = PBXGroup;
			children = (
				BB56D3F61B4F82B600698083 /* ChatClient */,
				BB56D4101B4F82B600698083 /* ChatClientTests */,
				BB56D41B1B4F82B600698083 /* ChatClientUITests */,
				BB56D3F51B4F82B600698083 /* Products */,
			);
			sourceTree = "<group>";
		};
		BB56D3F51B4F82B600698083 /* Products */ = {
			isa = PBXGroup;
			children = (
				BB56D3F41B4F82B600698083 /* ChatClient.app */,
				BB56D40D1B4F82B600698083 /* ChatClientTests.xctest */,
				BB56D4181B4F82B600698083 /* ChatClientUITests.xctest */,
			);
			name = Products;
			sourceTree = "<group>";
		};
		BB56D3F61B4F82B600698083 /* ChatClient */ = {
			isa = PBXGroup;
			children = (
				BB56D42B1B4FBFD800698083 /* Server */,
				BB56D3FA1B4F82B600698083 /* AppDelegate.h */,
				BB56D3FB1B4F82B600698083 /* AppDelegate.m */,
				BB56D3FD1B4F82B600698083 /* ViewController.h */,
				BB56D3FE1B4F82B600698083 /* ViewController.m */,
				BB56D4001B4F82B600698083 /* Main.storyboard */,
				BB56D4031B4F82B600698083 /* Assets.xcassets */,
				BB56D4051B4F82B600698083 /* LaunchScreen.storyboard */,
				BB56D4081B4F82B600698083 /* Info.plist */,
				BB56D3F71B4F82B600698083 /* Supporting Files */,
			);
			path = ChatClient;
			sourceTree = "<group>";
		};
		BB56D3F71B4F82B600698083 /* Supporting Files */ = {
			isa = PBXGroup;
			children = (
				BB56D3F81B4F82B600698083 /* main.m */,
			);
			name = "Supporting Files";
			sourceTree = "<group>";
		};
		BB56D4101B4F82B600698083 /* ChatClientTests */ = {
			isa = PBXGroup;
			children = (
				BB56D4111B4F82B600698083 /* ChatClientTests.m */,
				BB56D4131B4F82B600698083 /* Info.plist */,
			);
			path = ChatClientTests;
			sourceTree = "<group>";
		};
		BB56D41B1B4F82B600698083 /* ChatClientUITests */ = {
			isa = PBXGroup;
			children = (
				BB56D41C1B4F82B600698083 /* ChatClientUITests.m */,
				BB56D41E1B4F82B600698083 /* Info.plist */,
			);
			path = ChatClientUITests;
			sourceTree = "<group>";
		};
		BB56D42B1B4FBFD800698083 /* Server */ = {
			isa = PBXGroup;
			children = (
				BB56D42C1B4FBFE500698083 /* server.py */,
			);
			name = Server;
			sourceTree = "<group>";
		};
/* End PBXGroup section */

/* Begin PBXNativeTarget section */
		BB56D3F31B4F82B600698083 /* ChatClient */ = {
			isa = PBXNativeTarget;
			buildConfigurationList = BB56D4211B4F82B600698083 /* Build configuration list for PBXNativeTarget "ChatClient" */;
			buildPhases = (
				BB56D3F01B4F82B600698083 /* Sources */,
				BB56D3F11B4F82B600698083 /* Frameworks */,
				BB56D3F21B4F82B600698083 /* Resources */,
			);
			buildRules = (
			);
			dependencies = (
			);
			name = ChatClient;
			productName = ChatClient;
			productReference = BB56D3F41B4F82B600698083 /* ChatClient.app */;
			productType = "com.apple.product-type.application";
		};
		BB56D40C1B4F82B600698083 /* ChatClientTests */ = {
			isa = PBXNativeTarget;
			buildConfigurationList = BB56D4241B4F82B600698083 /* Build configuration list for PBXNativeTarget "ChatClientTests" */;
			buildPhases = (
				BB56D4091B4F82B600698083 /* Sources */,
				BB56D40A1B4F82B600698083 /* Frameworks */,
				BB56D40B1B4F82B600698083 /* Resources */,
			);
			buildRules = (
			);
			dependencies = (
				BB56D40F1B4F82B600698083 /* PBXTargetDependency */,
			);
			name = ChatClientTests;
			productName = ChatClientTests;
			productReference = BB56D40D1B4F82B600698083 /* ChatClientTests.xctest */;
			productType = "com.apple.product-type.bundle.unit-test";
		};
		BB56D4171B4F82B600698083 /* ChatClientUITests */ = {
			isa = PBXNativeTarget;
			buildConfigurationList = BB56D4271B4F82B600698083 /* Build configuration list for PBXNativeTarget "ChatClientUITests" */;
			buildPhases = (
				BB56D4141B4F82B600698083 /* Sources */,
				BB56D4151B4F82B600698083 /* Frameworks */,
				BB56D4161B4F82B600698083 /* Resources */,
			);
			buildRules = (
			);
			dependencies = (
				BB56D41A1B4F82B600698083 /* PBXTargetDependency */,
			);
			name = ChatClientUITests;
			productName = ChatClientUITests;
			productReference = BB56D4181B4F82B600698083 /* ChatClientUITests.xctest */;
			productType = "com.apple.product-type.bundle.ui-testing";
		};
/* End PBXNativeTarget section */

/* Begin PBXProject section */
		BB56D3EC1B4F82B600698083 /* Project object */ = {
			isa = PBXProject;
			attributes = {
				LastUpgradeCheck = 0700;
				ORGANIZATIONNAME = Plague;
				TargetAttributes = {
					BB56D3F31B4F82B600698083 = {
						CreatedOnToolsVersion = 7.0;
					};
					BB56D40C1B4F82B600698083 = {
						CreatedOnToolsVersion = 7.0;
						TestTargetID = BB56D3F31B4F82B600698083;
					};
					BB56D4171B4F82B600698083 = {
						CreatedOnToolsVersion = 7.0;
						TestTargetID = BB56D3F31B4F82B600698083;
					};
				};
			};
			buildConfigurationList = BB56D3EF1B4F82B600698083 /* Build configuration list for PBXProject "ChatClient" */;
			compatibilityVersion = "Xcode 3.2";
			developmentRegion = English;
			hasScannedForEncodings = 0;
			knownRegions = (
				en,
				Base,
			);
			mainGroup = BB56D3EB1B4F82B600698083;
			productRefGroup = BB56D3F51B4F82B600698083 /* Products */;
			projectDirPath = "";
			projectRoot = "";
			targets = (
				BB56D3F31B4F82B600698083 /* ChatClient */,
				BB56D40C1B4F82B600698083 /* ChatClientTests */,
				BB56D4171B4F82B600698083 /* ChatClientUITests */,
			);
		};
/* End PBXProject section */

/* Begin PBXResourcesBuildPhase section */
		BB56D3F21B4F82B600698083 /* Resources */ = {
			isa = PBXResourcesBuildPhase;
			buildActionMask = 2147483647;
			files = (
				BB56D4071B4F82B600698083 /* LaunchScreen.storyboard in Resources */,
				BB56D4041B4F82B600698083 /* Assets.xcassets in Resources */,
				BB56D4021B4F82B600698083 /* Main.storyboard in Resources */,
				BB56D42D1B4FBFE500698083 /* server.py in Resources */,
			);
			runOnlyForDeploymentPostprocessing = 0;
		};
		BB56D40B1B4F82B600698083 /* Resources */ = {
			isa = PBXResourcesBuildPhase;
			buildActionMask = 2147483647;
			files = (
			);
			runOnlyForDeploymentPostprocessing = 0;
		};
		BB56D4161B4F82B600698083 /* Resources */ = {
			isa = PBXResourcesBuildPhase;
			buildActionMask = 2147483647;
			files = (
			);
			runOnlyForDeploymentPostprocessing = 0;
		};
/* End PBXResourcesBuildPhase section */

/* Begin PBXSourcesBuildPhase section */
		BB56D3F01B4F82B600698083 /* Sources */ = {
			isa = PBXSourcesBuildPhase;
			buildActionMask = 2147483647;
			files = (
				BB56D3FF1B4F82B600698083 /* ViewController.m in Sources */,
				BB56D3FC1B4F82B600698083 /* AppDelegate.m in Sources */,
				BB56D3F91B4F82B600698083 /* main.m in Sources */,
			);
			runOnlyForDeploymentPostprocessing = 0;
		};
		BB56D4091B4F82B600698083 /* Sources */ = {
			isa = PBXSourcesBuildPhase;
			buildActionMask = 2147483647;
			files = (
				BB56D42A1B4FB7C300698083 /* ViewController.m in Sources */,
				BB56D4121B4F82B600698083 /* ChatClientTests.m in Sources */,
			);
			runOnlyForDeploymentPostprocessing = 0;
		};
		BB56D4141B4F82B600698083 /* Sources */ = {
			isa = PBXSourcesBuildPhase;
			buildActionMask = 2147483647;
			files = (
				BB56D41D1B4F82B600698083 /* ChatClientUITests.m in Sources */,
			);
			runOnlyForDeploymentPostprocessing = 0;
		};
/* End PBXSourcesBuildPhase section */

/* Begin PBXTargetDependency section */
		BB56D40F1B4F82B600698083 /* PBXTargetDependency */ = {
			isa = PBXTargetDependency;
			target = BB56D3F31B4F82B600698083 /* ChatClient */;
			targetProxy = BB56D40E1B4F82B600698083 /* PBXContainerItemProxy */;
		};
		BB56D41A1B4F82B600698083 /* PBXTargetDependency */ = {
			isa = PBXTargetDependency;
			target = BB56D3F31B4F82B600698083 /* ChatClient */;
			targetProxy = BB56D4191B4F82B600698083 /* PBXContainerItemProxy */;
		};
/* End PBXTargetDependency section */

/* Begin PBXVariantGroup section */
		BB56D4001B4F82B600698083 /* Main.storyboard */ = {
			isa = PBXVariantGroup;
			children = (
				BB56D4011B4F82B600698083 /* Base */,
			);
			name = Main.storyboard;
			sourceTree = "<group>";
		};
		BB56D4051B4F82B600698083 /* LaunchScreen.storyboard */ = {
			isa = PBXVariantGroup;
			children = (
				BB56D4061B4F82B600698083 /* Base */,
			);
			name = LaunchScreen.storyboard;
			sourceTree = "<group>";
		};
/* End PBXVariantGroup section */

/* Begin XCBuildConfiguration section */
		BB56D41F1B4F82B600698083 /* Debug */ = {
			isa = XCBuildConfiguration;
			buildSettings = {
				ALWAYS_SEARCH_USER_PATHS = NO;
				CLANG_CXX_LANGUAGE_STANDARD = "gnu++0x";
				CLANG_CXX_LIBRARY = "libc++";
				CLANG_ENABLE_MODULES = YES;
				CLANG_ENABLE_OBJC_ARC = YES;
				CLANG_WARN_BOOL_CONVERSION = YES;
				CLANG_WARN_CONSTANT_CONVERSION = YES;
				CLANG_WARN_DIRECT_OBJC_ISA_USAGE = YES_ERROR;
				CLANG_WARN_EMPTY_BODY = YES;
				CLANG_WARN_ENUM_CONVERSION = YES;
				CLANG_WARN_INT_CONVERSION = YES;
				CLANG_WARN_OBJC_ROOT_CLASS = YES_ERROR;
				CLANG_WARN_UNREACHABLE_CODE = YES;
				CLANG_WARN__DUPLICATE_METHOD_MATCH = YES;
				"CODE_SIGN_IDENTITY[sdk=iphoneos*]" = "iPhone Developer";
				COPY_PHASE_STRIP = NO;
				DEBUG_INFORMATION_FORMAT = dwarf;
				ENABLE_STRICT_OBJC_MSGSEND = YES;
				ENABLE_TESTABILITY = YES;
				GCC_C_LANGUAGE_STANDARD = gnu99;
				GCC_DYNAMIC_NO_PIC = NO;
				GCC_NO_COMMON_BLOCKS = YES;
				GCC_OPTIMIZATION_LEVEL = 0;
				GCC_PREPROCESSOR_DEFINITIONS = (
					"DEBUG=1",
					"$(inherited)",
				);
				GCC_WARN_64_TO_32_BIT_CONVERSION = YES;
				GCC_WARN_ABOUT_RETURN_TYPE = YES_ERROR;
				GCC_WARN_UNDECLARED_SELECTOR = YES;
				GCC_WARN_UNINITIALIZED_AUTOS = YES_AGGRESSIVE;
				GCC_WARN_UNUSED_FUNCTION = YES;
				GCC_WARN_UNUSED_VARIABLE = YES;
				IPHONEOS_DEPLOYMENT_TARGET = 9.0;
				MTL_ENABLE_DEBUG_INFO = YES;
				ONLY_ACTIVE_ARCH = YES;
				SDKROOT = iphoneos;
			};
			name = Debug;
		};
		BB56D4201B4F82B600698083 /* Release */ = {
			isa = XCBuildConfiguration;
			buildSettings = {
				ALWAYS_SEARCH_USER_PATHS = NO;
				CLANG_CXX_LANGUAGE_STANDARD = "gnu++0x";
				CLANG_CXX_LIBRARY = "libc++";
				CLANG_ENABLE_MODULES = YES;
				CLANG_ENABLE_OBJC_ARC = YES;
				CLANG_WARN_BOOL_CONVERSION = YES;
				CLANG_WARN_CONSTANT_CONVERSION = YES;
				CLANG_WARN_DIRECT_OBJC_ISA_USAGE = YES_ERROR;
				CLANG_WARN_EMPTY_BODY = YES;
				CLANG_WARN_ENUM_CONVERSION = YES;
				CLANG_WARN_INT_CONVERSION = YES;
				CLANG_WARN_OBJC_ROOT_CLASS = YES_ERROR;
				CLANG_WARN_UNREACHABLE_CODE = YES;
				CLANG_WARN__DUPLICATE_METHOD_MATCH = YES;
				"CODE_SIGN_IDENTITY[sdk=iphoneos*]" = "iPhone Developer";
				COPY_PHASE_STRIP = NO;
				DEBUG_INFORMATION_FORMAT = "dwarf-with-dsym";
				ENABLE_NS_ASSERTIONS = NO;
				ENABLE_STRICT_OBJC_MSGSEND = YES;
				GCC_C_LANGUAGE_STANDARD = gnu99;
				GCC_NO_COMMON_BLOCKS = YES;
				GCC_WARN_64_TO_32_BIT_CONVERSION = YES;
				GCC_WARN_ABOUT_RETURN_TYPE = YES_ERROR;
				GCC_WARN_UNDECLARED_SELECTOR = YES;
				GCC_WARN_UNINITIALIZED_AUTOS = YES_AGGRESSIVE;
				GCC_WARN_UNUSED_FUNCTION = YES;
				GCC_WARN_UNUSED_VARIABLE = YES;
				IPHONEOS_DEPLOYMENT_TARGET = 9.0;
				MTL_ENABLE_DEBUG_INFO = NO;
				SDKROOT = iphoneos;
				VALIDATE_PRODUCT = YES;
			};
			name = Release;
		};
		BB56D4221B4F82B600698083 /* Debug */ = {
			isa = XCBuildConfiguration;
			buildSettings = {
				ASSETCATALOG_COMPILER_APPICON_NAME = AppIcon;
				INFOPLIST_FILE = ChatClient/Info.plist;
				LD_RUNPATH_SEARCH_PATHS = "$(inherited) @executable_path/Frameworks";
				PRODUCT_BUNDLE_IDENTIFIER = com.Plague.ChatClient;
				PRODUCT_NAME = "$(TARGET_NAME)";
			};
			name = Debug;
		};
		BB56D4231B4F82B600698083 /* Release */ = {
			isa = XCBuildConfiguration;
			buildSettings = {
				ASSETCATALOG_COMPILER_APPICON_NAME = AppIcon;
				INFOPLIST_FILE = ChatClient/Info.plist;
				LD_RUNPATH_SEARCH_PATHS = "$(inherited) @executable_path/Frameworks";
				PRODUCT_BUNDLE_IDENTIFIER = com.Plague.ChatClient;
				PRODUCT_NAME = "$(TARGET_NAME)";
			};
			name = Release;
		};
		BB56D4251B4F82B600698083 /* Debug */ = {
			isa = XCBuildConfiguration;
			buildSettings = {
				BUNDLE_LOADER = "$(TEST_HOST)";
				INFOPLIST_FILE = ChatClientTests/Info.plist;
				LD_RUNPATH_SEARCH_PATHS = "$(inherited) @executable_path/Frameworks @loader_path/Frameworks";
				PRODUCT_BUNDLE_IDENTIFIER = com.Plague.ChatClientTests;
				PRODUCT_NAME = "$(TARGET_NAME)";
				TEST_HOST = "$(BUILT_PRODUCTS_DIR)/ChatClient.app/ChatClient";
			};
			name = Debug;
		};
		BB56D4261B4F82B600698083 /* Release */ = {
			isa = XCBuildConfiguration;
			buildSettings = {
				BUNDLE_LOADER = "$(TEST_HOST)";
				INFOPLIST_FILE = ChatClientTests/Info.plist;
				LD_RUNPATH_SEARCH_PATHS = "$(inherited) @executable_path/Frameworks @loader_path/Frameworks";
				PRODUCT_BUNDLE_IDENTIFIER = com.Plague.ChatClientTests;
				PRODUCT_NAME = "$(TARGET_NAME)";
				TEST_HOST = "$(BUILT_PRODUCTS_DIR)/ChatClient.app/ChatClient";
			};
			name = Release;
		};
		BB56D4281B4F82B600698083 /* Debug */ = {
			isa = XCBuildConfiguration;
			buildSettings = {
				INFOPLIST_FILE = ChatClientUITests/Info.plist;
				LD_RUNPATH_SEARCH_PATHS = "$(inherited) @executable_path/Frameworks @loader_path/Frameworks";
				PRODUCT_BUNDLE_IDENTIFIER = com.Plague.ChatClientUITests;
				PRODUCT_NAME = "$(TARGET_NAME)";
				TEST_TARGET_NAME = ChatClient;
				USES_XCTRUNNER = YES;
			};
			name = Debug;
		};
		BB56D4291B4F82B600698083 /* Release */ = {
			isa = XCBuildConfiguration;
			buildSettings = {
				INFOPLIST_FILE = ChatClientUITests/Info.plist;
				LD_RUNPATH_SEARCH_PATHS = "$(inherited) @executable_path/Frameworks @loader_path/Frameworks";
				PRODUCT_BUNDLE_IDENTIFIER = com.Plague.ChatClientUITests;
				PRODUCT_NAME = "$(TARGET_NAME)";
				TEST_TARGET_NAME = ChatClient;
				USES_XCTRUNNER = YES;
			};
			name = Release;
		};
/* End XCBuildConfiguration section */

/* Begin XCConfigurationList section */
		BB56D3EF1B4F82B600698083 /* Build configuration list for PBXProject "ChatClient" */ = {
			isa = XCConfigurationList;
			buildConfigurations = (
				BB56D41F1B4F82B600698083 /* Debug */,
				BB56D4201B4F82B600698083 /* Release */,
			);
			defaultConfigurationIsVisible = 0;
			defaultConfigurationName = Release;
		};
		BB56D4211B4F82B600698083 /* Build configuration list for PBXNativeTarget "ChatClient" */ = {
			isa = XCConfigurationList;
			buildConfigurations = (
				BB56D4221B4F82B600698083 /* Debug */,
				BB56D4231B4F82B600698083 /* Release */,
			);
			defaultConfigurationIsVisible = 0;
		};
		BB56D4241B4F82B600698083 /* Build configuration list for PBXNativeTarget "ChatClientTests" */ = {
			isa = XCConfigurationList;
			buildConfigurations = (
				BB56D4251B4F82B600698083 /* Debug */,
				BB56D4261B4F82B600698083 /* Release */,
			);
			defaultConfigurationIsVisible = 0;
		};
		BB56D4271B4F82B600698083 /* Build configuration list for PBXNativeTarget "ChatClientUITests" */ = {
			isa = XCConfigurationList;
			buildConfigurations = (
				BB56D4281B4F82B600698083 /* Debug */,
				BB56D4291B4F82B600698083 /* Release */,
			);
			defaultConfigurationIsVisible = 0;
		};
/* End XCConfigurationList section */
	};
	rootObject = BB56D3EC1B4F82B600698083 /* Project object */;
}
